
Microsoft Visual Studio Solution File, Format Version 12.00
# Visual Studio Version 17
VisualStudioVersion = 17.12.35527.113
MinimumVisualStudioVersion = 10.0.40219.1
Project("{8BC9CEB8-8B4A-11D0-8D11-00A0C91BC942}") = "1-1-1_Create-Window_Our-First-Project", "1-1-1_Create-Window_Our-First-Project\1-1-1_Create-Window_Our-First-Project.vcxproj", "{9ADBA3BA-E270-4469-B304-C7AF7C7BD02E}"
EndProject
Project("{8BC9CEB8-8B4A-11D0-8D11-00A0C91BC942}") = "1-2-1_Hello-Window", "1-2-1_Hello-Window\1-2-1_Hello-Window.vcxproj", "{BC316970-20ED-4145-B5AD-66A407CDD66E}"
EndProject
Project("{8BC9CEB8-8B4A-11D0-8D11-00A0C91BC942}") = "1-3-1_Hello-Triangle_1", "1-3-1_Hello-Triangle_1\1-3-1_Hello-Triangle_1.vcxproj", "{74ECF0B2-7ED6-4212-9CF8-9C969B02A2C0}"
EndProject
Project("{8BC9CEB8-8B4A-11D0-8D11-00A0C91BC942}") = "1-3-2_Hello-Triangle_2", "1-3-2_Hello-Triangle_2\1-3-2_Hello-Triangle_2.vcxproj", "{990CDA6E-DA6B-49E8-B51D-AC3F97E370ED}"
EndProject
Project("{8BC9CEB8-8B4A-11D0-8D11-00A0C91BC942}") = "1-4-1_Hello-Shaders_1", "1-4-1_Hello-Shaders_1\1-4-1_Hello-Shaders_1.vcxproj", "{1390A0CE-A036-4866-A4F3-E7885934FC1C}"
EndProject
Project("{8BC9CEB8-8B4A-11D0-8D11-00A0C91BC942}") = "1-4-2_Hello-Shaders_Uniforms", "1-4-2_Hello-Shaders_Uniforms\1-4-2_Hello-Shaders_Uniforms.vcxproj", "{A741D117-EF37-44ED-A95B-61CA530F7DA8}"
EndProject
Project("{8BC9CEB8-8B4A-11D0-8D11-00A0C91BC942}") = "1-4-3_Hello-Shaders_More-Vertex-Attributes", "1-4-3_Hello-Shaders_More-Vertex-Attributes\1-4-3_Hello-Shaders_More-Vertex-Attributes.vcxproj", "{3C5D9C16-03DE-4BC9-84CA-7C1704E83FA2}"
EndProject
Project("{8BC9CEB8-8B4A-11D0-8D11-00A0C91BC942}") = "1-4-4_Hello-Shaders_Create-Shader-Class", "1-4-4_Hello-Shaders_Create-Shader-Class\1-4-4_Hello-Shaders_Create-Shader-Class.vcxproj", "{99A22174-D246-46A8-81B0-13003FB422B6}"
EndProject
Project("{8BC9CEB8-8B4A-11D0-8D11-00A0C91BC942}") = "1-5-1_Hello_Texture_1", "1-5-1_Hello_Texture_1\1-5-1_Hello_Texture_1.vcxproj", "{7DBAAC44-10B3-42F0-8A92-A23C543BA247}"
EndProject
Project("{8BC9CEB8-8B4A-11D0-8D11-00A0C91BC942}") = "1-5-2_Hello_Texture_2_Square_Crate", "1-5-2_Hello_Texture_2_Square_Crate\1-5-2_Hello_Texture_2_Square_Crate.vcxproj", "{B60850E1-216A-439C-B13C-56AA14FB3F16}"
EndProject
Project("{8BC9CEB8-8B4A-11D0-8D11-00A0C91BC942}") = "1-5-2_Hello_Texture_2_Square_Crate_Color", "1-5-2_Hello_Texture_2_Square_Crate_Color\1-5-2_Hello_Texture_2_Square_Crate_Color.vcxproj", "{20F42D1A-6AB7-4679-AAD7-1A18AE378757}"
EndProject
Project("{8BC9CEB8-8B4A-11D0-8D11-00A0C91BC942}") = "1-5-3_Hello-Texture_3_Crate-Texture-Units", "1-5-3_Hello-Texture_3_Crate-Texture-Units\1-5-3_Hello-Texture_3_Crate-Texture-Units.vcxproj", "{9CB180FC-E955-4E61-8150-9C0D28D712F1}"
EndProject
Project("{8BC9CEB8-8B4A-11D0-8D11-00A0C91BC942}") = "1-5-3_Hello-Texture_4_Exercises", "1-5-3_Hello-Texture_4_Exercises\1-5-3_Hello-Texture_4_Exercises.vcxproj", "{97E2AFFF-DAA1-4202-B1AE-A3B2824BDD87}"
EndProject
Global
	GlobalSection(SolutionConfigurationPlatforms) = preSolution
		Debug|x64 = Debug|x64
		Debug|x86 = Debug|x86
		Release|x64 = Release|x64
		Release|x86 = Release|x86
	EndGlobalSection
	GlobalSection(ProjectConfigurationPlatforms) = postSolution
		{9ADBA3BA-E270-4469-B304-C7AF7C7BD02E}.Debug|x64.ActiveCfg = Debug|x64
		{9ADBA3BA-E270-4469-B304-C7AF7C7BD02E}.Debug|x64.Build.0 = Debug|x64
		{9ADBA3BA-E270-4469-B304-C7AF7C7BD02E}.Debug|x86.ActiveCfg = Debug|Win32
		{9ADBA3BA-E270-4469-B304-C7AF7C7BD02E}.Debug|x86.Build.0 = Debug|Win32
		{9ADBA3BA-E270-4469-B304-C7AF7C7BD02E}.Release|x64.ActiveCfg = Release|x64
		{9ADBA3BA-E270-4469-B304-C7AF7C7BD02E}.Release|x64.Build.0 = Release|x64
		{9ADBA3BA-E270-4469-B304-C7AF7C7BD02E}.Release|x86.ActiveCfg = Release|Win32
		{9ADBA3BA-E270-4469-B304-C7AF7C7BD02E}.Release|x86.Build.0 = Release|Win32
		{BC316970-20ED-4145-B5AD-66A407CDD66E}.Debug|x64.ActiveCfg = Debug|x64
		{BC316970-20ED-4145-B5AD-66A407CDD66E}.Debug|x64.Build.0 = Debug|x64
		{BC316970-20ED-4145-B5AD-66A407CDD66E}.Debug|x86.ActiveCfg = Debug|Win32
		{BC316970-20ED-4145-B5AD-66A407CDD66E}.Debug|x86.Build.0 = Debug|Win32
		{BC316970-20ED-4145-B5AD-66A407CDD66E}.Release|x64.ActiveCfg = Release|x64
		{BC316970-20ED-4145-B5AD-66A407CDD66E}.Release|x64.Build.0 = Release|x64
		{BC316970-20ED-4145-B5AD-66A407CDD66E}.Release|x86.ActiveCfg = Release|Win32
		{BC316970-20ED-4145-B5AD-66A407CDD66E}.Release|x86.Build.0 = Release|Win32
		{74ECF0B2-7ED6-4212-9CF8-9C969B02A2C0}.Debug|x64.ActiveCfg = Debug|x64
		{74ECF0B2-7ED6-4212-9CF8-9C969B02A2C0}.Debug|x64.Build.0 = Debug|x64
		{74ECF0B2-7ED6-4212-9CF8-9C969B02A2C0}.Debug|x86.ActiveCfg = Debug|Win32
		{74ECF0B2-7ED6-4212-9CF8-9C969B02A2C0}.Debug|x86.Build.0 = Debug|Win32
		{74ECF0B2-7ED6-4212-9CF8-9C969B02A2C0}.Release|x64.ActiveCfg = Release|x64
		{74ECF0B2-7ED6-4212-9CF8-9C969B02A2C0}.Release|x64.Build.0 = Release|x64
		{74ECF0B2-7ED6-4212-9CF8-9C969B02A2C0}.Release|x86.ActiveCfg = Release|Win32
		{74ECF0B2-7ED6-4212-9CF8-9C969B02A2C0}.Release|x86.Build.0 = Release|Win32
		{990CDA6E-DA6B-49E8-B51D-AC3F97E370ED}.Debug|x64.ActiveCfg = Debug|x64
		{990CDA6E-DA6B-49E8-B51D-AC3F97E370ED}.Debug|x64.Build.0 = Debug|x64
		{990CDA6E-DA6B-49E8-B51D-AC3F97E370ED}.Debug|x86.ActiveCfg = Debug|Win32
		{990CDA6E-DA6B-49E8-B51D-AC3F97E370ED}.Debug|x86.Build.0 = Debug|Win32
		{990CDA6E-DA6B-49E8-B51D-AC3F97E370ED}.Release|x64.ActiveCfg = Release|x64
		{990CDA6E-DA6B-49E8-B51D-AC3F97E370ED}.Release|x64.Build.0 = Release|x64
		{990CDA6E-DA6B-49E8-B51D-AC3F97E370ED}.Release|x86.ActiveCfg = Release|Win32
		{990CDA6E-DA6B-49E8-B51D-AC3F97E370ED}.Release|x86.Build.0 = Release|Win32
		{1390A0CE-A036-4866-A4F3-E7885934FC1C}.Debug|x64.ActiveCfg = Debug|x64
		{1390A0CE-A036-4866-A4F3-E7885934FC1C}.Debug|x64.Build.0 = Debug|x64
		{1390A0CE-A036-4866-A4F3-E7885934FC1C}.Debug|x86.ActiveCfg = Debug|Win32
		{1390A0CE-A036-4866-A4F3-E7885934FC1C}.Debug|x86.Build.0 = Debug|Win32
		{1390A0CE-A036-4866-A4F3-E7885934FC1C}.Release|x64.ActiveCfg = Release|x64
		{1390A0CE-A036-4866-A4F3-E7885934FC1C}.Release|x64.Build.0 = Release|x64
		{1390A0CE-A036-4866-A4F3-E7885934FC1C}.Release|x86.ActiveCfg = Release|Win32
		{1390A0CE-A036-4866-A4F3-E7885934FC1C}.Release|x86.Build.0 = Release|Win32
		{A741D117-EF37-44ED-A95B-61CA530F7DA8}.Debug|x64.ActiveCfg = Debug|x64
		{A741D117-EF37-44ED-A95B-61CA530F7DA8}.Debug|x64.Build.0 = Debug|x64
		{A741D117-EF37-44ED-A95B-61CA530F7DA8}.Debug|x86.ActiveCfg = Debug|Win32
		{A741D117-EF37-44ED-A95B-61CA530F7DA8}.Debug|x86.Build.0 = Debug|Win32
		{A741D117-EF37-44ED-A95B-61CA530F7DA8}.Release|x64.ActiveCfg = Release|x64
		{A741D117-EF37-44ED-A95B-61CA530F7DA8}.Release|x64.Build.0 = Release|x64
		{A741D117-EF37-44ED-A95B-61CA530F7DA8}.Release|x86.ActiveCfg = Release|Win32
		{A741D117-EF37-44ED-A95B-61CA530F7DA8}.Release|x86.Build.0 = Release|Win32
		{3C5D9C16-03DE-4BC9-84CA-7C1704E83FA2}.Debug|x64.ActiveCfg = Debug|x64
		{3C5D9C16-03DE-4BC9-84CA-7C1704E83FA2}.Debug|x64.Build.0 = Debug|x64
		{3C5D9C16-03DE-4BC9-84CA-7C1704E83FA2}.Debug|x86.ActiveCfg = Debug|Win32
		{3C5D9C16-03DE-4BC9-84CA-7C1704E83FA2}.Debug|x86.Build.0 = Debug|Win32
		{3C5D9C16-03DE-4BC9-84CA-7C1704E83FA2}.Release|x64.ActiveCfg = Release|x64
		{3C5D9C16-03DE-4BC9-84CA-7C1704E83FA2}.Release|x64.Build.0 = Release|x64
		{3C5D9C16-03DE-4BC9-84CA-7C1704E83FA2}.Release|x86.ActiveCfg = Release|Win32
		{3C5D9C16-03DE-4BC9-84CA-7C1704E83FA2}.Release|x86.Build.0 = Release|Win32
		{99A22174-D246-46A8-81B0-13003FB422B6}.Debug|x64.ActiveCfg = Debug|x64
		{99A22174-D246-46A8-81B0-13003FB422B6}.Debug|x64.Build.0 = Debug|x64
		{99A22174-D246-46A8-81B0-13003FB422B6}.Debug|x86.ActiveCfg = Debug|Win32
		{99A22174-D246-46A8-81B0-13003FB422B6}.Debug|x86.Build.0 = Debug|Win32
		{99A22174-D246-46A8-81B0-13003FB422B6}.Release|x64.ActiveCfg = Release|x64
		{99A22174-D246-46A8-81B0-13003FB422B6}.Release|x64.Build.0 = Release|x64
		{99A22174-D246-46A8-81B0-13003FB422B6}.Release|x86.ActiveCfg = Release|Win32
		{99A22174-D246-46A8-81B0-13003FB422B6}.Release|x86.Build.0 = Release|Win32
		{7DBAAC44-10B3-42F0-8A92-A23C543BA247}.Debug|x64.ActiveCfg = Debug|x64
		{7DBAAC44-10B3-42F0-8A92-A23C543BA247}.Debug|x64.Build.0 = Debug|x64
		{7DBAAC44-10B3-42F0-8A92-A23C543BA247}.Debug|x86.ActiveCfg = Debug|Win32
		{7DBAAC44-10B3-42F0-8A92-A23C543BA247}.Debug|x86.Build.0 = Debug|Win32
		{7DBAAC44-10B3-42F0-8A92-A23C543BA247}.Release|x64.ActiveCfg = Release|x64
		{7DBAAC44-10B3-42F0-8A92-A23C543BA247}.Release|x64.Build.0 = Release|x64
		{7DBAAC44-10B3-42F0-8A92-A23C543BA247}.Release|x86.ActiveCfg = Release|Win32
		{7DBAAC44-10B3-42F0-8A92-A23C543BA247}.Release|x86.Build.0 = Release|Win32
		{B60850E1-216A-439C-B13C-56AA14FB3F16}.Debug|x64.ActiveCfg = Debug|x64
		{B60850E1-216A-439C-B13C-56AA14FB3F16}.Debug|x64.Build.0 = Debug|x64
		{B60850E1-216A-439C-B13C-56AA14FB3F16}.Debug|x86.ActiveCfg = Debug|Win32
		{B60850E1-216A-439C-B13C-56AA14FB3F16}.Debug|x86.Build.0 = Debug|Win32
		{B60850E1-216A-439C-B13C-56AA14FB3F16}.Release|x64.ActiveCfg = Release|x64
		{B60850E1-216A-439C-B13C-56AA14FB3F16}.Release|x64.Build.0 = Release|x64
		{B60850E1-216A-439C-B13C-56AA14FB3F16}.Release|x86.ActiveCfg = Release|Win32
		{B60850E1-216A-439C-B13C-56AA14FB3F16}.Release|x86.Build.0 = Release|Win32
		{20F42D1A-6AB7-4679-AAD7-1A18AE378757}.Debug|x64.ActiveCfg = Debug|x64
		{20F42D1A-6AB7-4679-AAD7-1A18AE378757}.Debug|x64.Build.0 = Debug|x64
		{20F42D1A-6AB7-4679-AAD7-1A18AE378757}.Debug|x86.ActiveCfg = Debug|Win32
		{20F42D1A-6AB7-4679-AAD7-1A18AE378757}.Debug|x86.Build.0 = Debug|Win32
		{20F42D1A-6AB7-4679-AAD7-1A18AE378757}.Release|x64.ActiveCfg = Release|x64
		{20F42D1A-6AB7-4679-AAD7-1A18AE378757}.Release|x64.Build.0 = Release|x64
		{20F42D1A-6AB7-4679-AAD7-1A18AE378757}.Release|x86.ActiveCfg = Release|Win32
		{20F42D1A-6AB7-4679-AAD7-1A18AE378757}.Release|x86.Build.0 = Release|Win32
		{9CB180FC-E955-4E61-8150-9C0D28D712F1}.Debug|x64.ActiveCfg = Debug|x64
		{9CB180FC-E955-4E61-8150-9C0D28D712F1}.Debug|x64.Build.0 = Debug|x64
		{9CB180FC-E955-4E61-8150-9C0D28D712F1}.Debug|x86.ActiveCfg = Debug|Win32
		{9CB180FC-E955-4E61-8150-9C0D28D712F1}.Debug|x86.Build.0 = Debug|Win32
		{9CB180FC-E955-4E61-8150-9C0D28D712F1}.Release|x64.ActiveCfg = Release|x64
		{9CB180FC-E955-4E61-8150-9C0D28D712F1}.Release|x64.Build.0 = Release|x64
		{9CB180FC-E955-4E61-8150-9C0D28D712F1}.Release|x86.ActiveCfg = Release|Win32
		{9CB180FC-E955-4E61-8150-9C0D28D712F1}.Release|x86.Build.0 = Release|Win32
		{97E2AFFF-DAA1-4202-B1AE-A3B2824BDD87}.Debug|x64.ActiveCfg = Debug|x64
		{97E2AFFF-DAA1-4202-B1AE-A3B2824BDD87}.Debug|x64.Build.0 = Debug|x64
		{97E2AFFF-DAA1-4202-B1AE-A3B2824BDD87}.Debug|x86.ActiveCfg = Debug|Win32
		{97E2AFFF-DAA1-4202-B1AE-A3B2824BDD87}.Debug|x86.Build.0 = Debug|Win32
		{97E2AFFF-DAA1-4202-B1AE-A3B2824BDD87}.Release|x64.ActiveCfg = Release|x64
		{97E2AFFF-DAA1-4202-B1AE-A3B2824BDD87}.Release|x64.Build.0 = Release|x64
		{97E2AFFF-DAA1-4202-B1AE-A3B2824BDD87}.Release|x86.ActiveCfg = Release|Win32
		{97E2AFFF-DAA1-4202-B1AE-A3B2824BDD87}.Release|x86.Build.0 = Release|Win32
	EndGlobalSection
	GlobalSection(SolutionProperties) = preSolution
		HideSolutionNode = FALSE
	EndGlobalSection
	GlobalSection(ExtensibilityGlobals) = postSolution
		SolutionGuid = {F167E9A2-9BE6-4B3D-971E-C4AF99F7938B}
	EndGlobalSection
EndGlobal
